<?xml version="1.0" encoding="utf-8"?>
<Project ToolsVersion="4.0" xmlns="http://schemas.microsoft.com/developer/msbuild/2003">
  <ItemGroup>
    <Filter Include="ソース ファイル">
      <UniqueIdentifier>{4FC737F1-C7A5-4376-A066-2A32D752A2FF}</UniqueIdentifier>
      <Extensions>cpp;c;cc;cxx;c++;cppm;ixx;def;odl;idl;hpj;bat;asm;asmx</Extensions>
    </Filter>
    <Filter Include="ヘッダー ファイル">
      <UniqueIdentifier>{93995380-89BD-4b04-88EB-625FBE52EBFB}</UniqueIdentifier>
      <Extensions>h;hh;hpp;hxx;h++;hm;inl;inc;ipp;xsd</Extensions>
    </Filter>
    <Filter Include="リソース ファイル">
      <UniqueIdentifier>{67DA6AB6-F800-4c08-8B7A-83BB121AAD01}</UniqueIdentifier>
      <Extensions>rc;ico;cur;bmp;dlg;rc2;rct;bin;rgs;gif;jpg;jpeg;jpe;resx;tiff;tif;png;wav;mfcribbon-ms</Extensions>
    </Filter>
    <Filter Include="ImGui">
      <UniqueIdentifier>{1851bd09-f8c2-4cd9-9f6a-c2bd789ae2cc}</UniqueIdentifier>
    </Filter>
    <Filter Include="ソース ファイル\2d">
      <UniqueIdentifier>{adb66423-e88c-4c5f-b57f-fee7c5cb4436}</UniqueIdentifier>
    </Filter>
    <Filter Include="ソース ファイル\3d">
      <UniqueIdentifier>{1dddb251-ef5d-4184-aca5-ad09e60fefc1}</UniqueIdentifier>
    </Filter>
    <Filter Include="ソース ファイル\audio">
      <UniqueIdentifier>{d6f7ca79-22a8-48f9-b2b9-638cf52a34f4}</UniqueIdentifier>
    </Filter>
    <Filter Include="ソース ファイル\base">
      <UniqueIdentifier>{64e47fa6-4c7f-47b0-98b5-fea1e0131aad}</UniqueIdentifier>
    </Filter>
    <Filter Include="ソース ファイル\io">
      <UniqueIdentifier>{2c482702-4a8d-47a6-b3c5-d062b86d9d2e}</UniqueIdentifier>
    </Filter>
    <Filter Include="ソース ファイル\math">
      <UniqueIdentifier>{9745a809-4360-4018-9912-4a5cba070324}</UniqueIdentifier>
    </Filter>
    <Filter Include="ソース ファイル\scene">
      <UniqueIdentifier>{14891dc6-79a2-4b71-a357-548cf666bece}</UniqueIdentifier>
    </Filter>
    <Filter Include="シェーダー ファイル">
      <UniqueIdentifier>{79e7fa1d-b0ff-4ffd-8d68-666ef6b671cb}</UniqueIdentifier>
    </Filter>
    <Filter Include="ヘッダー ファイル\2d">
      <UniqueIdentifier>{35e1d4d5-5768-4b5f-a7fe-c83942773d26}</UniqueIdentifier>
    </Filter>
    <Filter Include="ヘッダー ファイル\3d">
      <UniqueIdentifier>{f921383a-0a70-4193-a117-f29b07d6a1b3}</UniqueIdentifier>
    </Filter>
    <Filter Include="ヘッダー ファイル\base">
      <UniqueIdentifier>{2e6c9982-0dcb-48ff-84c9-8f6f729727f0}</UniqueIdentifier>
    </Filter>
    <Filter Include="ヘッダー ファイル\audio">
      <UniqueIdentifier>{161d119b-5510-4e03-932d-f099983a0819}</UniqueIdentifier>
    </Filter>
    <Filter Include="ヘッダー ファイル\io">
      <UniqueIdentifier>{a5b5100a-ff95-49f6-a20a-82bbfa9ab9c7}</UniqueIdentifier>
    </Filter>
    <Filter Include="ヘッダー ファイル\math">
      <UniqueIdentifier>{2451cee0-795d-4842-9cee-3c2c7470be66}</UniqueIdentifier>
    </Filter>
    <Filter Include="ヘッダー ファイル\scene">
      <UniqueIdentifier>{eae7ee72-7d55-46e6-9001-763df705b1a7}</UniqueIdentifier>
    </Filter>
  </ItemGroup>
  <ItemGroup>
    <ClCompile Include="main.cpp">
      <Filter>ソース ファイル</Filter>
    </ClCompile>
    <ClCompile Include="Engine\io\Input.cpp">
      <Filter>ソース ファイル</Filter>
    </ClCompile>
    <ClCompile Include="Engine\base\WinApp.cpp">
      <Filter>ソース ファイル</Filter>
    </ClCompile>
    <ClCompile Include="Engine\base\DirectXCommon.cpp">
      <Filter>ソース ファイル</Filter>
    </ClCompile>
    <ClCompile Include="Engine\base\Logger.cpp">
      <Filter>ソース ファイル</Filter>
    </ClCompile>
    <ClCompile Include="Engine\base\StringUtility.cpp">
      <Filter>ソース ファイル</Filter>
    </ClCompile>
    <ClCompile Include="Engine\base\D3dResourceLeakChecker.cpp">
      <Filter>ソース ファイル</Filter>
    </ClCompile>
    <ClCompile Include="Engine\base\TextureManager.cpp">
      <Filter>ソース ファイル</Filter>
    </ClCompile>
    <ClCompile Include="Engine\3d\Camera.cpp">
      <Filter>ソース ファイル</Filter>
    </ClCompile>
    <ClCompile Include="Engine\base\SrvManager.cpp">
      <Filter>ソース ファイル</Filter>
    </ClCompile>
    <ClCompile Include="Engine\base\ImGuiManager.cpp">
      <Filter>ソース ファイル</Filter>
    </ClCompile>
    <ClCompile Include="externals\imgui\imgui.cpp">
      <Filter>ソース ファイル</Filter>
    </ClCompile>
    <ClCompile Include="externals\imgui\imgui_draw.cpp">
      <Filter>ソース ファイル</Filter>
    </ClCompile>
    <ClCompile Include="externals\imgui\imgui_demo.cpp">
      <Filter>ソース ファイル</Filter>
    </ClCompile>
    <ClCompile Include="externals\imgui\imgui_impl_dx12.cpp">
      <Filter>ソース ファイル</Filter>
    </ClCompile>
    <ClCompile Include="externals\imgui\imgui_impl_win32.cpp">
      <Filter>ソース ファイル</Filter>
    </ClCompile>
    <ClCompile Include="externals\imgui\imgui_widgets.cpp">
      <Filter>ソース ファイル</Filter>
    </ClCompile>
    <ClCompile Include="externals\imgui\imgui_tables.cpp">
      <Filter>ソース ファイル</Filter>
    </ClCompile>
    <ClCompile Include="Engine\base\Game.cpp">
      <Filter>ソース ファイル</Filter>
    </ClCompile>
    <ClCompile Include="Engine\base\Framework.cpp">
      <Filter>ソース ファイル</Filter>
    </ClCompile>
    <ClCompile Include="Engine\2d\Sprite.cpp">
      <Filter>ソース ファイル\2d</Filter>
    </ClCompile>
    <ClCompile Include="Engine\2d\SpriteCommon.cpp">
      <Filter>ソース ファイル\2d</Filter>
    </ClCompile>
    <ClCompile Include="Engine\3d\Model.cpp">
      <Filter>ソース ファイル\3d</Filter>
    </ClCompile>
    <ClCompile Include="Engine\3d\ModelCommon.cpp">
      <Filter>ソース ファイル\3d</Filter>
    </ClCompile>
    <ClCompile Include="Engine\3d\ModelManager.cpp">
      <Filter>ソース ファイル\3d</Filter>
    </ClCompile>
    <ClCompile Include="Engine\3d\Object3d.cpp">
      <Filter>ソース ファイル\3d</Filter>
    </ClCompile>
    <ClCompile Include="Engine\3d\Object3dCommon.cpp">
      <Filter>ソース ファイル\3d</Filter>
    </ClCompile>
    <ClCompile Include="Engine\3d\CPUParticle\ParticleEmitter.cpp">
      <Filter>ソース ファイル\3d</Filter>
    </ClCompile>
    <ClCompile Include="Engine\3d\CPUParticle\CPUParticleManager.cpp">
      <Filter>ソース ファイル\3d</Filter>
    </ClCompile>
    <ClCompile Include="Engine\audio\Sound.cpp">
      <Filter>ソース ファイル\audio</Filter>
    </ClCompile>
    <ClCompile Include="Engine\audio\Audio.cpp">
      <Filter>ソース ファイル\audio</Filter>
    </ClCompile>
    <ClCompile Include="Engine\scene\BaseScene.cpp">
      <Filter>ソース ファイル\scene</Filter>
    </ClCompile>
    <ClCompile Include="Engine\base\Math.cpp">
      <Filter>ソース ファイル\math</Filter>
    </ClCompile>
    <ClCompile Include="Engine\scene\TitleScene.cpp">
      <Filter>ソース ファイル\scene</Filter>
    </ClCompile>
    <ClCompile Include="Engine\scene\GamePlayScene.cpp">
      <Filter>ソース ファイル\scene</Filter>
    </ClCompile>
    <ClCompile Include="Engine\scene\SceneManager.cpp">
      <Filter>ソース ファイル\base</Filter>
    </ClCompile>
    <ClCompile Include="Engine\3d\Skybox\Skybox.cpp">
      <Filter>ソース ファイル</Filter>
    </ClCompile>
    <ClCompile Include="Engine\3d\Skybox\SkyBoxCommon.cpp">
      <Filter>ソース ファイル</Filter>
    </ClCompile>
    <ClCompile Include="Engine\base\OffscreenSurface.cpp">
      <Filter>ソース ファイル</Filter>
    </ClCompile>
    <ClCompile Include="Engine\base\PostProcess.cpp">
      <Filter>ソース ファイル</Filter>
    </ClCompile>
    <ClCompile Include="Engine\3d\CPUParticle\IParticleMesh.cpp">
      <Filter>ソース ファイル</Filter>
    </ClCompile>
    <ClCompile Include="Engine\scene\AbstractSceneFactory.cpp">
      <Filter>ソース ファイル</Filter>
    </ClCompile>
    <ClCompile Include="Engine\scene\SceneFactory.cpp">
      <Filter>ソース ファイル</Filter>
    </ClCompile>
    <ClCompile Include="Game\Particle\LaserParticle.cpp">
      <Filter>ソース ファイル</Filter>
    </ClCompile>
    <ClCompile Include="Engine\3d\LightManager.cpp">
      <Filter>ソース ファイル</Filter>
    </ClCompile>
    <ClCompile Include="Engine\3d\Animator.cpp">
      <Filter>ソース ファイル</Filter>
    </ClCompile>
    <ClCompile Include="Game\Particle\HitParticle.cpp">
      <Filter>ソース ファイル</Filter>
    </ClCompile>
    <ClCompile Include="Game\Player\Player.cpp">
      <Filter>ソース ファイル</Filter>
    </ClCompile>
    <ClCompile Include="Engine\3d\GPUParticleManager.cpp">
      <Filter>ソース ファイル</Filter>
    </ClCompile>
    <ClCompile Include="Engine\base\LevelLoader.cpp">
      <Filter>ソース ファイル</Filter>
    </ClCompile>
  </ItemGroup>
  <ItemGroup>
    <FxCompile Include="resources\shaders\Object3d.PS.hlsl">
      <Filter>シェーダー ファイル</Filter>
    </FxCompile>
    <FxCompile Include="resources\shaders\Object3d.VS.hlsl">
      <Filter>シェーダー ファイル</Filter>
    </FxCompile>
    <FxCompile Include="resources\shaders\CPUParticle.PS.hlsl" />
    <FxCompile Include="resources\shaders\CPUParticle.VS.hlsl" />
    <FxCompile Include="resources\shaders\Fullscreen.VS.hlsl" />
    <FxCompile Include="resources\shaders\Fullscreen.PS.hlsl" />
    <FxCompile Include="resources\shaders\Skybox.VS.hlsl" />
    <FxCompile Include="resources\shaders\Skybox.PS.hlsl" />
    <FxCompile Include="resources\shaders\Sprite.VS.hlsl" />
    <FxCompile Include="resources\shaders\Sprite.PS.hlsl" />
    <FxCompile Include="resources\shaders\Grayscale.PS.hlsl" />
    <FxCompile Include="resources\shaders\Sepiascale.PS.hlsl" />
    <FxCompile Include="resources\shaders\Vignette.PS.hlsl" />
    <FxCompile Include="resources\shaders\BoxFilterY.PS.hlsl" />
    <FxCompile Include="resources\shaders\BoxFilterX.PS.hlsl" />
    <FxCompile Include="resources\shaders\GaussianFilterX.PS.hlsl" />
    <FxCompile Include="resources\shaders\GaussianFilterY.PS.hlsl" />
    <FxCompile Include="resources\shaders\LuminanceBasedOutline.PS.hlsl" />
    <FxCompile Include="resources\shaders\DepthBasedOutline.PS.hlsl" />
    <FxCompile Include="resources\shaders\RadialBlur.PS.hlsl" />
    <FxCompile Include="resources\shaders\Line.VS.hlsl" />
    <FxCompile Include="resources\shaders\Line.PS.hlsl" />
    <FxCompile Include="resources\shaders\SkinningObject3d.VS.hlsl" />
    <FxCompile Include="resources\shaders\Dissolve.PS.hlsl" />
    <FxCompile Include="resources\shaders\Random.PS.hlsl" />
    <FxCompile Include="resources\shaders\Skinning.CS.hlsl" />
    <FxCompile Include="resources\shaders\InitializeParticle.CS.hlsl" />
    <FxCompile Include="resources\shaders\Particle.VS.hlsl" />
    <FxCompile Include="resources\shaders\EmitParticle.CS.hlsl" />
  </ItemGroup>
  <ItemGroup>
    <ClInclude Include="Engine\io\Input.h">
      <Filter>ヘッダー ファイル</Filter>
    </ClInclude>
    <ClInclude Include="Engine\base\WinApp.h">
      <Filter>ヘッダー ファイル</Filter>
    </ClInclude>
    <ClInclude Include="Engine\base\DirectXCommon.h">
      <Filter>ヘッダー ファイル</Filter>
    </ClInclude>
    <ClInclude Include="Engine\base\Logger.h">
      <Filter>ヘッダー ファイル</Filter>
    </ClInclude>
    <ClInclude Include="Engine\base\StringUtility.h">
      <Filter>ヘッダー ファイル</Filter>
    </ClInclude>
    <ClInclude Include="Engine\base\D3dResourceLeakChecker.h">
      <Filter>ヘッダー ファイル</Filter>
    </ClInclude>
    <ClInclude Include="Engine\2d\SpriteCommon.h">
      <Filter>ヘッダー ファイル</Filter>
    </ClInclude>
    <ClInclude Include="Engine\2d\Sprite.h">
      <Filter>ヘッダー ファイル</Filter>
    </ClInclude>
    <ClInclude Include="Engine\base\Math.h">
      <Filter>ヘッダー ファイル</Filter>
    </ClInclude>
    <ClInclude Include="Engine\base\TextureManager.h">
      <Filter>ヘッダー ファイル</Filter>
    </ClInclude>
    <ClInclude Include="Engine\3d\Object3dCommon.h">
      <Filter>ヘッダー ファイル</Filter>
    </ClInclude>
    <ClInclude Include="Engine\3d\Object3d.h">
      <Filter>ヘッダー ファイル</Filter>
    </ClInclude>
    <ClInclude Include="Engine\3d\Model.h">
      <Filter>ヘッダー ファイル</Filter>
    </ClInclude>
    <ClInclude Include="Engine\3d\ModelCommon.h">
      <Filter>ヘッダー ファイル</Filter>
    </ClInclude>
    <ClInclude Include="Engine\3d\ModelManager.h">
      <Filter>ヘッダー ファイル</Filter>
    </ClInclude>
    <ClInclude Include="Engine\3d\Camera.h">
      <Filter>ヘッダー ファイル</Filter>
    </ClInclude>
    <ClInclude Include="Engine\base\SrvManager.h">
      <Filter>ヘッダー ファイル</Filter>
    </ClInclude>
    <ClInclude Include="Engine\3d\CPUParticle\CPUParticleManager.h">
      <Filter>ヘッダー ファイル</Filter>
    </ClInclude>
    <ClInclude Include="Engine\3d\CPUParticle\ParticleEmitter.h">
      <Filter>ヘッダー ファイル</Filter>
    </ClInclude>
    <ClInclude Include="Engine\base\ImGuiManager.h">
      <Filter>ヘッダー ファイル</Filter>
    </ClInclude>
    <ClInclude Include="externals\imgui\imconfig.h">
      <Filter>ヘッダー ファイル</Filter>
    </ClInclude>
    <ClInclude Include="externals\imgui\imgui.h">
      <Filter>ヘッダー ファイル</Filter>
    </ClInclude>
    <ClInclude Include="externals\imgui\imgui_impl_dx12.h">
      <Filter>ヘッダー ファイル</Filter>
    </ClInclude>
    <ClInclude Include="externals\imgui\imgui_internal.h">
      <Filter>ヘッダー ファイル</Filter>
    </ClInclude>
    <ClInclude Include="externals\imgui\imgui_impl_win32.h">
      <Filter>ヘッダー ファイル</Filter>
    </ClInclude>
    <ClInclude Include="externals\imgui\imstb_rectpack.h">
      <Filter>ヘッダー ファイル</Filter>
    </ClInclude>
    <ClInclude Include="externals\imgui\imstb_textedit.h">
      <Filter>ヘッダー ファイル</Filter>
    </ClInclude>
    <ClInclude Include="externals\imgui\imstb_truetype.h">
      <Filter>ヘッダー ファイル</Filter>
    </ClInclude>
    <ClInclude Include="Engine\audio\Sound.h">
      <Filter>ヘッダー ファイル</Filter>
    </ClInclude>
    <ClInclude Include="Engine\audio\Audio.h">
      <Filter>ヘッダー ファイル</Filter>
    </ClInclude>
    <ClInclude Include="Engine\base\Game.h">
      <Filter>ヘッダー ファイル</Filter>
    </ClInclude>
    <ClInclude Include="Engine\base\Framework.h">
      <Filter>ヘッダー ファイル</Filter>
    </ClInclude>
    <ClInclude Include="Engine\scene\GamePlayScene.h">
      <Filter>ヘッダー ファイル</Filter>
    </ClInclude>
    <ClInclude Include="Engine\scene\BaseScene.h">
      <Filter>ヘッダー ファイル</Filter>
    </ClInclude>
    <ClInclude Include="Engine\scene\TitleScene.h">
      <Filter>ヘッダー ファイル</Filter>
    </ClInclude>
    <ClInclude Include="Engine\scene\SceneManager.h">
      <Filter>ヘッダー ファイル</Filter>
    </ClInclude>
    <ClInclude Include="Engine\3d\Skybox\Skybox.h">
      <Filter>ヘッダー ファイル</Filter>
    </ClInclude>
    <ClInclude Include="Engine\3d\Skybox\SkyBoxCommon.h">
      <Filter>ヘッダー ファイル</Filter>
    </ClInclude>
    <ClInclude Include="Engine\base\OffscreenSurface.h">
      <Filter>ヘッダー ファイル</Filter>
    </ClInclude>
    <ClInclude Include="Engine\base\PostProcess.h">
      <Filter>ヘッダー ファイル</Filter>
    </ClInclude>
    <ClInclude Include="Engine\3d\CPUParticle\IParticleMesh.h">
      <Filter>ヘッダー ファイル</Filter>
    </ClInclude>
    <ClInclude Include="Engine\scene\AbstractSceneFactory.h">
      <Filter>ヘッダー ファイル</Filter>
    </ClInclude>
    <ClInclude Include="Engine\scene\SceneFactory.h">
      <Filter>ヘッダー ファイル</Filter>
    </ClInclude>
    <ClInclude Include="Game\Particle\LaserParticle.h">
      <Filter>ヘッダー ファイル</Filter>
    </ClInclude>
    <ClInclude Include="Engine\3d\LightManager.h">
      <Filter>ヘッダー ファイル</Filter>
    </ClInclude>
    <ClInclude Include="Engine\3d\Animator.h">
      <Filter>ヘッダー ファイル</Filter>
    </ClInclude>
    <ClInclude Include="Game\Particle\HitParticle.h">
      <Filter>ヘッダー ファイル</Filter>
    </ClInclude>
    <ClInclude Include="Game\Player\Player.h">
      <Filter>ヘッダー ファイル</Filter>
    </ClInclude>
    <ClInclude Include="Engine\3d\GPUParticleManager.h">
      <Filter>ヘッダー ファイル</Filter>
    </ClInclude>
    <ClInclude Include="resources\nlohmann\json.hpp">
      <Filter>ヘッダー ファイル</Filter>
    </ClInclude>
    <ClInclude Include="Engine\base\LevelLoader.h">
      <Filter>ヘッダー ファイル</Filter>
    </ClInclude>
  </ItemGroup>
  <ItemGroup>
    <None Include="resources\shaders\Object3d.hlsli">
      <Filter>シェーダー ファイル</Filter>
    </None>
    <None Include="resources\shaders\Particle.hlsli" />
    <None Include="resources\shaders\Skybox.hlsli" />
    <None Include="resources\shaders\Fullscreen.hlsli" />
    <None Include="resources\shaders\Sprite.hlsli" />
  </ItemGroup>
  <ItemGroup>
    <Text Include="externals\imgui\LICENSE.txt" />
  </ItemGroup>
</Project>